{
  "name": "mylib-dep-override",
  "version": "1.0.0",
  "lockfileVersion": 1,
  "requires": true,
  "dependencies": {
    "lodash": {
      "version": "4.17.15",
      "resolved": "https://registry.npmjs.org/lodash/-/lodash-4.17.15.tgz",
      "integrity": "sha512-8xOcRHvCjnocdS5cpwXQXVzmmh5e5+saE2QGoeQmbKmRS6J3VQppPOIt0MnmE+4xlZoumy0GPG0D0MVIQbNA1A=="
    },
    "mylib2": {
      "version": "file:../mylib2",
      "requires": {
        "jquery": "^3.3.1",
        "knockout": "^3.4.2",
        "lodash": "4.17.15",
        "requirejs": "^2.3.6"
      },
      "dependencies": {
        "jquery": {
          "version": "3.4.1",
          "resolved": "https://registry.npmjs.org/jquery/-/jquery-3.4.1.tgz",
          "integrity": "sha512-36+AdBzCL+y6qjw5Tx7HgzeGCzC81MDDgaUP8ld2zhx58HdqXGoBd+tHdrBMiyjGQs0Hxs/MLZTu/eHNJJuWPw=="
        },
        "knockout": {
          "version": "3.4.2",
          "resolved": "https://registry.npmjs.org/knockout/-/knockout-3.4.2.tgz",
          "integrity": "sha1-6HlY3netHpNvfOZFuri118RW2Tc="
        },
        "lodash": {
          "version": "4.17.15",
          "resolved": "https://registry.npmjs.org/lodash/-/lodash-4.17.15.tgz",
          "integrity": "sha512-8xOcRHvCjnocdS5cpwXQXVzmmh5e5+saE2QGoeQmbKmRS6J3VQppPOIt0MnmE+4xlZoumy0GPG0D0MVIQbNA1A=="
        },
        "requirejs": {
          "version": "2.3.6",
          "resolved": "https://registry.npmjs.org/requirejs/-/requirejs-2.3.6.tgz",
          "integrity": "sha512-ipEzlWQe6RK3jkzikgCupiTbTvm4S0/CAU5GlgptkN5SO6F3u0UD0K18wy6ErDqiCyP4J4YYe1HuAShvsxePLg=="
        }
      }
    }
  }
}
