{
  "name": "learn-buefy",
  "version": "1.0.0",
  "lockfileVersion": 1,
  "requires": true,
  "dependencies": {
    "buefy": {
      "version": "0.8.20",
      "resolved": "https://artifacthub-tip.oraclecorp.com/api/npm/npmjs-remote/buefy/-/buefy-0.8.20.tgz",
      "integrity": "sha1-dXCIAFSCIGVFdZA9AxqB/IV1t/M=",
      "requires": {
        "bulma": "0.7.5"
      }
    },
    "bulma": {
      "version": "0.7.5",
      "resolved": "https://artifacthub-tip.oraclecorp.com/api/npm/npmjs-remote/bulma/-/bulma-0.7.5.tgz",
      "integrity": "sha1-NQZsN/gsCIto+URQvnWPwAqWcgg="
    }
  }
}
